// !$*UTF8*$!
{
	archiveVersion = 1;
	classes = {
	};
	objectVersion = 46;
	objects = {

/* Begin PBXBuildFile section */
		65014D611D5EC88900DC7993 /* BGBouncePath.m in Sources */ = {isa = PBXBuildFile; fileRef = 65014D601D5EC88900DC7993 /* BGBouncePath.m */; };
		659A7B221D5EC210000612ED /* main.m in Sources */ = {isa = PBXBuildFile; fileRef = 659A7B211D5EC210000612ED /* main.m */; };
		659A7B251D5EC210000612ED /* AppDelegate.m in Sources */ = {isa = PBXBuildFile; fileRef = 659A7B241D5EC210000612ED /* AppDelegate.m */; };
		659A7B281D5EC210000612ED /* ViewController.m in Sources */ = {isa = PBXBuildFile; fileRef = 659A7B271D5EC210000612ED /* ViewController.m */; };
		659A7B2B1D5EC210000612ED /* Main.storyboard in Resources */ = {isa = PBXBuildFile; fileRef = 659A7B291D5EC210000612ED /* Main.storyboard */; };
		659A7B2D1D5EC210000612ED /* Assets.xcassets in Resources */ = {isa = PBXBuildFile; fileRef = 659A7B2C1D5EC210000612ED /* Assets.xcassets */; };
		659A7B301D5EC210000612ED /* LaunchScreen.storyboard in Resources */ = {isa = PBXBuildFile; fileRef = 659A7B2E1D5EC210000612ED /* LaunchScreen.storyboard */; };
		659A7B3B1D5EC210000612ED /* RefreshAnimationTests.m in Sources */ = {isa = PBXBuildFile; fileRef = 659A7B3A1D5EC210000612ED /* RefreshAnimationTests.m */; };
		659A7B461D5EC210000612ED /* RefreshAnimationUITests.m in Sources */ = {isa = PBXBuildFile; fileRef = 659A7B451D5EC210000612ED /* RefreshAnimationUITests.m */; };
		659A7B551D5EC222000612ED /* UIView+Additional.m in Sources */ = {isa = PBXBuildFile; fileRef = 659A7B531D5EC222000612ED /* UIView+Additional.m */; };
/* End PBXBuildFile section */

/* Begin PBXContainerItemProxy section */
		659A7B371D5EC210000612ED /* PBXContainerItemProxy */ = {
			isa = PBXContainerItemProxy;
			containerPortal = 659A7B151D5EC210000612ED /* Project object */;
			proxyType = 1;
			remoteGlobalIDString = 659A7B1C1D5EC210000612ED;
			remoteInfo = RefreshAnimation;
		};
		659A7B421D5EC210000612ED /* PBXContainerItemProxy */ = {
			isa = PBXContainerItemProxy;
			containerPortal = 659A7B151D5EC210000612ED /* Project object */;
			proxyType = 1;
			remoteGlobalIDString = 659A7B1C1D5EC210000612ED;
			remoteInfo = RefreshAnimation;
		};
/* End PBXContainerItemProxy section */

/* Begin PBXFileReference section */
		65014D5F1D5EC88900DC7993 /* BGBouncePath.h */ = {isa = PBXFileReference; fileEncoding = 4; lastKnownFileType = sourcecode.c.h; path = BGBouncePath.h; sourceTree = "<group>"; };
		65014D601D5EC88900DC7993 /* BGBouncePath.m */ = {isa = PBXFileReference; fileEncoding = 4; lastKnownFileType = sourcecode.c.objc; path = BGBouncePath.m; sourceTree = "<group>"; };
		659A7B1D1D5EC210000612ED /* RefreshAnimation.app */ = {isa = PBXFileReference; explicitFileType = wrapper.application; includeInIndex = 0; path = RefreshAnimation.app; sourceTree = BUILT_PRODUCTS_DIR; };
		659A7B211D5EC210000612ED /* main.m */ = {isa = PBXFileReference; lastKnownFileType = sourcecode.c.objc; path = main.m; sourceTree = "<group>"; };
		659A7B231D5EC210000612ED /* AppDelegate.h */ = {isa = PBXFileReference; lastKnownFileType = sourcecode.c.h; path = AppDelegate.h; sourceTree = "<group>"; };
		659A7B241D5EC210000612ED /* AppDelegate.m */ = {isa = PBXFileReference; lastKnownFileType = sourcecode.c.objc; path = AppDelegate.m; sourceTree = "<group>"; };
		659A7B261D5EC210000612ED /* ViewController.h */ = {isa = PBXFileReference; lastKnownFileType = sourcecode.c.h; path = ViewController.h; sourceTree = "<group>"; };
		659A7B271D5EC210000612ED /* ViewController.m */ = {isa = PBXFileReference; lastKnownFileType = sourcecode.c.objc; path = ViewController.m; sourceTree = "<group>"; };
		659A7B2A1D5EC210000612ED /* Base */ = {isa = PBXFileReference; lastKnownFileType = file.storyboard; name = Base; path = Base.lproj/Main.storyboard; sourceTree = "<group>"; };
		659A7B2C1D5EC210000612ED /* Assets.xcassets */ = {isa = PBXFileReference; lastKnownFileType = folder.assetcatalog; path = Assets.xcassets; sourceTree = "<group>"; };
		659A7B2F1D5EC210000612ED /* Base */ = {isa = PBXFileReference; lastKnownFileType = file.storyboard; name = Base; path = Base.lproj/LaunchScreen.storyboard; sourceTree = "<group>"; };
		659A7B311D5EC210000612ED /* Info.plist */ = {isa = PBXFileReference; lastKnownFileType = text.plist.xml; path = Info.plist; sourceTree = "<group>"; };
		659A7B361D5EC210000612ED /* RefreshAnimationTests.xctest */ = {isa = PBXFileReference; explicitFileType = wrapper.cfbundle; includeInIndex = 0; path = RefreshAnimationTests.xctest; sourceTree = BUILT_PRODUCTS_DIR; };
		659A7B3A1D5EC210000612ED /* RefreshAnimationTests.m */ = {isa = PBXFileReference; lastKnownFileType = sourcecode.c.objc; path = RefreshAnimationTests.m; sourceTree = "<group>"; };
		659A7B3C1D5EC210000612ED /* Info.plist */ = {isa = PBXFileReference; lastKnownFileType = text.plist.xml; path = Info.plist; sourceTree = "<group>"; };
		659A7B411D5EC210000612ED /* RefreshAnimationUITests.xctest */ = {isa = PBXFileReference; explicitFileType = wrapper.cfbundle; includeInIndex = 0; path = RefreshAnimationUITests.xctest; sourceTree = BUILT_PRODUCTS_DIR; };
		659A7B451D5EC210000612ED /* RefreshAnimationUITests.m */ = {isa = PBXFileReference; lastKnownFileType = sourcecode.c.objc; path = RefreshAnimationUITests.m; sourceTree = "<group>"; };
		659A7B471D5EC210000612ED /* Info.plist */ = {isa = PBXFileReference; lastKnownFileType = text.plist.xml; path = Info.plist; sourceTree = "<group>"; };
		659A7B531D5EC222000612ED /* UIView+Additional.m */ = {isa = PBXFileReference; fileEncoding = 4; lastKnownFileType = sourcecode.c.objc; path = "UIView+Additional.m"; sourceTree = "<group>"; };
		659A7B541D5EC222000612ED /* UIView+Additional.h */ = {isa = PBXFileReference; fileEncoding = 4; lastKnownFileType = sourcecode.c.h; path = "UIView+Additional.h"; sourceTree = "<group>"; };
/* End PBXFileReference section */

/* Begin PBXFrameworksBuildPhase section */
		659A7B1A1D5EC210000612ED /* Frameworks */ = {
			isa = PBXFrameworksBuildPhase;
			buildActionMask = 2147483647;
			files = (
			);
			runOnlyForDeploymentPostprocessing = 0;
		};
		659A7B331D5EC210000612ED /* Frameworks */ = {
			isa = PBXFrameworksBuildPhase;
			buildActionMask = 2147483647;
			files = (
			);
			runOnlyForDeploymentPostprocessing = 0;
		};
		659A7B3E1D5EC210000612ED /* Frameworks */ = {
			isa = PBXFrameworksBuildPhase;
			buildActionMask = 2147483647;
			files = (
			);
			runOnlyForDeploymentPostprocessing = 0;
		};
/* End PBXFrameworksBuildPhase section */

/* Begin PBXGroup section */
		659A7B141D5EC210000612ED = {
			isa = PBXGroup;
			children = (
				659A7B1F1D5EC210000612ED /* RefreshAnimation */,
				659A7B391D5EC210000612ED /* RefreshAnimationTests */,
				659A7B441D5EC210000612ED /* RefreshAnimationUITests */,
				659A7B1E1D5EC210000612ED /* Products */,
			);
			sourceTree = "<group>";
		};
		659A7B1E1D5EC210000612ED /* Products */ = {
			isa = PBXGroup;
			children = (
				659A7B1D1D5EC210000612ED /* RefreshAnimation.app */,
				659A7B361D5EC210000612ED /* RefreshAnimationTests.xctest */,
				659A7B411D5EC210000612ED /* RefreshAnimationUITests.xctest */,
			);
			name = Products;
			sourceTree = "<group>";
		};
		659A7B1F1D5EC210000612ED /* RefreshAnimation */ = {
			isa = PBXGroup;
			children = (
				659A7B531D5EC222000612ED /* UIView+Additional.m */,
				659A7B541D5EC222000612ED /* UIView+Additional.h */,
				65014D5F1D5EC88900DC7993 /* BGBouncePath.h */,
				65014D601D5EC88900DC7993 /* BGBouncePath.m */,
				659A7B231D5EC210000612ED /* AppDelegate.h */,
				659A7B241D5EC210000612ED /* AppDelegate.m */,
				659A7B261D5EC210000612ED /* ViewController.h */,
				659A7B271D5EC210000612ED /* ViewController.m */,
				659A7B291D5EC210000612ED /* Main.storyboard */,
				659A7B2C1D5EC210000612ED /* Assets.xcassets */,
				659A7B2E1D5EC210000612ED /* LaunchScreen.storyboard */,
				659A7B311D5EC210000612ED /* Info.plist */,
				659A7B201D5EC210000612ED /* Supporting Files */,
			);
			path = RefreshAnimation;
			sourceTree = "<group>";
		};
		659A7B201D5EC210000612ED /* Supporting Files */ = {
			isa = PBXGroup;
			children = (
				659A7B211D5EC210000612ED /* main.m */,
			);
			name = "Supporting Files";
			sourceTree = "<group>";
		};
		659A7B391D5EC210000612ED /* RefreshAnimationTests */ = {
			isa = PBXGroup;
			children = (
				659A7B3A1D5EC210000612ED /* RefreshAnimationTests.m */,
				659A7B3C1D5EC210000612ED /* Info.plist */,
			);
			path = RefreshAnimationTests;
			sourceTree = "<group>";
		};
		659A7B441D5EC210000612ED /* RefreshAnimationUITests */ = {
			isa = PBXGroup;
			children = (
				659A7B451D5EC210000612ED /* RefreshAnimationUITests.m */,
				659A7B471D5EC210000612ED /* Info.plist */,
			);
			path = RefreshAnimationUITests;
			sourceTree = "<group>";
		};
/* End PBXGroup section */

/* Begin PBXNativeTarget section */
		659A7B1C1D5EC210000612ED /* RefreshAnimation */ = {
			isa = PBXNativeTarget;
			buildConfigurationList = 659A7B4A1D5EC210000612ED /* Build configuration list for PBXNativeTarget "RefreshAnimation" */;
			buildPhases = (
				659A7B191D5EC210000612ED /* Sources */,
				659A7B1A1D5EC210000612ED /* Frameworks */,
				659A7B1B1D5EC210000612ED /* Resources */,
			);
			buildRules = (
			);
			dependencies = (
			);
			name = RefreshAnimation;
			productName = RefreshAnimation;
			productReference = 659A7B1D1D5EC210000612ED /* RefreshAnimation.app */;
			productType = "com.apple.product-type.application";
		};
		659A7B351D5EC210000612ED /* RefreshAnimationTests */ = {
			isa = PBXNativeTarget;
			buildConfigurationList = 659A7B4D1D5EC210000612ED /* Build configuration list for PBXNativeTarget "RefreshAnimationTests" */;
			buildPhases = (
				659A7B321D5EC210000612ED /* Sources */,
				659A7B331D5EC210000612ED /* Frameworks */,
				659A7B341D5EC210000612ED /* Resources */,
			);
			buildRules = (
			);
			dependencies = (
				659A7B381D5EC210000612ED /* PBXTargetDependency */,
			);
			name = RefreshAnimationTests;
			productName = RefreshAnimationTests;
			productReference = 659A7B361D5EC210000612ED /* RefreshAnimationTests.xctest */;
			productType = "com.apple.product-type.bundle.unit-test";
		};
		659A7B401D5EC210000612ED /* RefreshAnimationUITests */ = {
			isa = PBXNativeTarget;
			buildConfigurationList = 659A7B501D5EC210000612ED /* Build configuration list for PBXNativeTarget "RefreshAnimationUITests" */;
			buildPhases = (
				659A7B3D1D5EC210000612ED /* Sources */,
				659A7B3E1D5EC210000612ED /* Frameworks */,
				659A7B3F1D5EC210000612ED /* Resources */,
			);
			buildRules = (
			);
			dependencies = (
				659A7B431D5EC210000612ED /* PBXTargetDependency */,
			);
			name = RefreshAnimationUITests;
			productName = RefreshAnimationUITests;
			productReference = 659A7B411D5EC210000612ED /* RefreshAnimationUITests.xctest */;
			productType = "com.apple.product-type.bundle.ui-testing";
		};
/* End PBXNativeTarget section */

/* Begin PBXProject section */
		659A7B151D5EC210000612ED /* Project object */ = {
			isa = PBXProject;
			attributes = {
				LastUpgradeCheck = 0730;
				ORGANIZATIONNAME = liuchungui;
				TargetAttributes = {
					659A7B1C1D5EC210000612ED = {
						CreatedOnToolsVersion = 7.3.1;
					};
					659A7B351D5EC210000612ED = {
						CreatedOnToolsVersion = 7.3.1;
						TestTargetID = 659A7B1C1D5EC210000612ED;
					};
					659A7B401D5EC210000612ED = {
						CreatedOnToolsVersion = 7.3.1;
						TestTargetID = 659A7B1C1D5EC210000612ED;
					};
				};
			};
			buildConfigurationList = 659A7B181D5EC210000612ED /* Build configuration list for PBXProject "RefreshAnimation" */;
			compatibilityVersion = "Xcode 3.2";
			developmentRegion = English;
			hasScannedForEncodings = 0;
			knownRegions = (
				en,
				Base,
			);
			mainGroup = 659A7B141D5EC210000612ED;
			productRefGroup = 659A7B1E1D5EC210000612ED /* Products */;
			projectDirPath = "";
			projectRoot = "";
			targets = (
				659A7B1C1D5EC210000612ED /* RefreshAnimation */,
				659A7B351D5EC210000612ED /* RefreshAnimationTests */,
				659A7B401D5EC210000612ED /* RefreshAnimationUITests */,
			);
		};
/* End PBXProject section */

/* Begin PBXResourcesBuildPhase section */
		659A7B1B1D5EC210000612ED /* Resources */ = {
			isa = PBXResourcesBuildPhase;
			buildActionMask = 2147483647;
			files = (
				659A7B301D5EC210000612ED /* LaunchScreen.storyboard in Resources */,
				659A7B2D1D5EC210000612ED /* Assets.xcassets in Resources */,
				659A7B2B1D5EC210000612ED /* Main.storyboard in Resources */,
			);
			runOnlyForDeploymentPostprocessing = 0;
		};
		659A7B341D5EC210000612ED /* Resources */ = {
			isa = PBXResourcesBuildPhase;
			buildActionMask = 2147483647;
			files = (
			);
			runOnlyForDeploymentPostprocessing = 0;
		};
		659A7B3F1D5EC210000612ED /* Resources */ = {
			isa = PBXResourcesBuildPhase;
			buildActionMask = 2147483647;
			files = (
			);
			runOnlyForDeploymentPostprocessing = 0;
		};
/* End PBXResourcesBuildPhase section */

/* Begin PBXSourcesBuildPhase section */
		659A7B191D5EC210000612ED /* Sources */ = {
			isa = PBXSourcesBuildPhase;
			buildActionMask = 2147483647;
			files = (
				659A7B281D5EC210000612ED /* ViewController.m in Sources */,
				659A7B251D5EC210000612ED /* AppDelegate.m in Sources */,
				659A7B221D5EC210000612ED /* main.m in Sources */,
				65014D611D5EC88900DC7993 /* BGBouncePath.m in Sources */,
				659A7B551D5EC222000612ED /* UIView+Additional.m in Sources */,
			);
			runOnlyForDeploymentPostprocessing = 0;
		};
		659A7B321D5EC210000612ED /* Sources */ = {
			isa = PBXSourcesBuildPhase;
			buildActionMask = 2147483647;
			files = (
				659A7B3B1D5EC210000612ED /* RefreshAnimationTests.m in Sources */,
			);
			runOnlyForDeploymentPostprocessing = 0;
		};
		659A7B3D1D5EC210000612ED /* Sources */ = {
			isa = PBXSourcesBuildPhase;
			buildActionMask = 2147483647;
			files = (
				659A7B461D5EC210000612ED /* RefreshAnimationUITests.m in Sources */,
			);
			runOnlyForDeploymentPostprocessing = 0;
		};
/* End PBXSourcesBuildPhase section */

/* Begin PBXTargetDependency section */
		659A7B381D5EC210000612ED /* PBXTargetDependency */ = {
			isa = PBXTargetDependency;
			target = 659A7B1C1D5EC210000612ED /* RefreshAnimation */;
			targetProxy = 659A7B371D5EC210000612ED /* PBXContainerItemProxy */;
		};
		659A7B431D5EC210000612ED /* PBXTargetDependency */ = {
			isa = PBXTargetDependency;
			target = 659A7B1C1D5EC210000612ED /* RefreshAnimation */;
			targetProxy = 659A7B421D5EC210000612ED /* PBXContainerItemProxy */;
		};
/* End PBXTargetDependency section */

/* Begin PBXVariantGroup section */
		659A7B291D5EC210000612ED /* Main.storyboard */ = {
			isa = PBXVariantGroup;
			children = (
				659A7B2A1D5EC210000612ED /* Base */,
			);
			name = Main.storyboard;
			sourceTree = "<group>";
		};
		659A7B2E1D5EC210000612ED /* LaunchScreen.storyboard */ = {
			isa = PBXVariantGroup;
			children = (
				659A7B2F1D5EC210000612ED /* Base */,
			);
			name = LaunchScreen.storyboard;
			sourceTree = "<group>";
		};
/* End PBXVariantGroup section */

/* Begin XCBuildConfiguration section */
		659A7B481D5EC210000612ED /* Debug */ = {
			isa = XCBuildConfiguration;
			buildSettings = {
				ALWAYS_SEARCH_USER_PATHS = NO;
				CLANG_ANALYZER_NONNULL = YES;
				CLANG_CXX_LANGUAGE_STANDARD = "gnu++0x";
				CLANG_CXX_LIBRARY = "libc++";
				CLANG_ENABLE_MODULES = YES;
				CLANG_ENABLE_OBJC_ARC = YES;
				CLANG_WARN_BOOL_CONVERSION = YES;
				CLANG_WARN_CONSTANT_CONVERSION = YES;
				CLANG_WARN_DIRECT_OBJC_ISA_USAGE = YES_ERROR;
				CLANG_WARN_EMPTY_BODY = YES;
				CLANG_WARN_ENUM_CONVERSION = YES;
				CLANG_WARN_INT_CONVERSION = YES;
				CLANG_WARN_OBJC_ROOT_CLASS = YES_ERROR;
				CLANG_WARN_UNREACHABLE_CODE = YES;
				CLANG_WARN__DUPLICATE_METHOD_MATCH = YES;
				"CODE_SIGN_IDENTITY[sdk=iphoneos*]" = "iPhone Developer";
				COPY_PHASE_STRIP = NO;
				DEBUG_INFORMATION_FORMAT = dwarf;
				ENABLE_STRICT_OBJC_MSGSEND = YES;
				ENABLE_TESTABILITY = YES;
				GCC_C_LANGUAGE_STANDARD = gnu99;
				GCC_DYNAMIC_NO_PIC = NO;
				GCC_NO_COMMON_BLOCKS = YES;
				GCC_OPTIMIZATION_LEVEL = 0;
				GCC_PREPROCESSOR_DEFINITIONS = (
					"DEBUG=1",
					"$(inherited)",
				);
				GCC_WARN_64_TO_32_BIT_CONVERSION = YES;
				GCC_WARN_ABOUT_RETURN_TYPE = YES_ERROR;
				GCC_WARN_UNDECLARED_SELECTOR = YES;
				GCC_WARN_UNINITIALIZED_AUTOS = YES_AGGRESSIVE;
				GCC_WARN_UNUSED_FUNCTION = YES;
				GCC_WARN_UNUSED_VARIABLE = YES;
				IPHONEOS_DEPLOYMENT_TARGET = 9.3;
				MTL_ENABLE_DEBUG_INFO = YES;
				ONLY_ACTIVE_ARCH = YES;
				SDKROOT = iphoneos;
				TARGETED_DEVICE_FAMILY = "1,2";
			};
			name = Debug;
		};
		659A7B491D5EC210000612ED /* Release */ = {
			isa = XCBuildConfiguration;
			buildSettings = {
				ALWAYS_SEARCH_USER_PATHS = NO;
				CLANG_ANALYZER_NONNULL = YES;
				CLANG_CXX_LANGUAGE_STANDARD = "gnu++0x";
				CLANG_CXX_LIBRARY = "libc++";
				CLANG_ENABLE_MODULES = YES;
				CLANG_ENABLE_OBJC_ARC = YES;
				CLANG_WARN_BOOL_CONVERSION = YES;
				CLANG_WARN_CONSTANT_CONVERSION = YES;
				CLANG_WARN_DIRECT_OBJC_ISA_USAGE = YES_ERROR;
				CLANG_WARN_EMPTY_BODY = YES;
				CLANG_WARN_ENUM_CONVERSION = YES;
				CLANG_WARN_INT_CONVERSION = YES;
				CLANG_WARN_OBJC_ROOT_CLASS = YES_ERROR;
				CLANG_WARN_UNREACHABLE_CODE = YES;
				CLANG_WARN__DUPLICATE_METHOD_MATCH = YES;
				"CODE_SIGN_IDENTITY[sdk=iphoneos*]" = "iPhone Developer";
				COPY_PHASE_STRIP = NO;
				DEBUG_INFORMATION_FORMAT = "dwarf-with-dsym";
				ENABLE_NS_ASSERTIONS = NO;
				ENABLE_STRICT_OBJC_MSGSEND = YES;
				GCC_C_LANGUAGE_STANDARD = gnu99;
				GCC_NO_COMMON_BLOCKS = YES;
				GCC_WARN_64_TO_32_BIT_CONVERSION = YES;
				GCC_WARN_ABOUT_RETURN_TYPE = YES_ERROR;
				GCC_WARN_UNDECLARED_SELECTOR = YES;
				GCC_WARN_UNINITIALIZED_AUTOS = YES_AGGRESSIVE;
				GCC_WARN_UNUSED_FUNCTION = YES;
				GCC_WARN_UNUSED_VARIABLE = YES;
				IPHONEOS_DEPLOYMENT_TARGET = 9.3;
				MTL_ENABLE_DEBUG_INFO = NO;
				SDKROOT = iphoneos;
				TARGETED_DEVICE_FAMILY = "1,2";
				VALIDATE_PRODUCT = YES;
			};
			name = Release;
		};
		659A7B4B1D5EC210000612ED /* Debug */ = {
			isa = XCBuildConfiguration;
			buildSettings = {
				ASSETCATALOG_COMPILER_APPICON_NAME = AppIcon;
				INFOPLIST_FILE = RefreshAnimation/Info.plist;
				LD_RUNPATH_SEARCH_PATHS = "$(inherited) @executable_path/Frameworks";
				PRODUCT_BUNDLE_IDENTIFIER = liuchungui.RefreshAnimation;
				PRODUCT_NAME = "$(TARGET_NAME)";
			};
			name = Debug;
		};
		659A7B4C1D5EC210000612ED /* Release */ = {
			isa = XCBuildConfiguration;
			buildSettings = {
				ASSETCATALOG_COMPILER_APPICON_NAME = AppIcon;
				INFOPLIST_FILE = RefreshAnimation/Info.plist;
				LD_RUNPATH_SEARCH_PATHS = "$(inherited) @executable_path/Frameworks";
				PRODUCT_BUNDLE_IDENTIFIER = liuchungui.RefreshAnimation;
				PRODUCT_NAME = "$(TARGET_NAME)";
			};
			name = Release;
		};
		659A7B4E1D5EC210000612ED /* Debug */ = {
			isa = XCBuildConfiguration;
			buildSettings = {
				BUNDLE_LOADER = "$(TEST_HOST)";
				INFOPLIST_FILE = RefreshAnimationTests/Info.plist;
				LD_RUNPATH_SEARCH_PATHS = "$(inherited) @executable_path/Frameworks @loader_path/Frameworks";
				PRODUCT_BUNDLE_IDENTIFIER = liuchungui.RefreshAnimationTests;
				PRODUCT_NAME = "$(TARGET_NAME)";
				TEST_HOST = "$(BUILT_PRODUCTS_DIR)/RefreshAnimation.app/RefreshAnimation";
			};
			name = Debug;
		};
		659A7B4F1D5EC210000612ED /* Release */ = {
			isa = XCBuildConfiguration;
			buildSettings = {
				BUNDLE_LOADER = "$(TEST_HOST)";
				INFOPLIST_FILE = RefreshAnimationTests/Info.plist;
				LD_RUNPATH_SEARCH_PATHS = "$(inherited) @executable_path/Frameworks @loader_path/Frameworks";
				PRODUCT_BUNDLE_IDENTIFIER = liuchungui.RefreshAnimationTests;
				PRODUCT_NAME = "$(TARGET_NAME)";
				TEST_HOST = "$(BUILT_PRODUCTS_DIR)/RefreshAnimation.app/RefreshAnimation";
			};
			name = Release;
		};
		659A7B511D5EC210000612ED /* Debug */ = {
			isa = XCBuildConfiguration;
			buildSettings = {
				INFOPLIST_FILE = RefreshAnimationUITests/Info.plist;
				LD_RUNPATH_SEARCH_PATHS = "$(inherited) @executable_path/Frameworks @loader_path/Frameworks";
				PRODUCT_BUNDLE_IDENTIFIER = liuchungui.RefreshAnimationUITests;
				PRODUCT_NAME = "$(TARGET_NAME)";
				TEST_TARGET_NAME = RefreshAnimation;
			};
			name = Debug;
		};
		659A7B521D5EC210000612ED /* Release */ = {
			isa = XCBuildConfiguration;
			buildSettings = {
				INFOPLIST_FILE = RefreshAnimationUITests/Info.plist;
				LD_RUNPATH_SEARCH_PATHS = "$(inherited) @executable_path/Frameworks @loader_path/Frameworks";
				PRODUCT_BUNDLE_IDENTIFIER = liuchungui.RefreshAnimationUITests;
				PRODUCT_NAME = "$(TARGET_NAME)";
				TEST_TARGET_NAME = RefreshAnimation;
			};
			name = Release;
		};
/* End XCBuildConfiguration section */

/* Begin XCConfigurationList section */
		659A7B181D5EC210000612ED /* Build configuration list for PBXProject "RefreshAnimation" */ = {
			isa = XCConfigurationList;
			buildConfigurations = (
				659A7B481D5EC210000612ED /* Debug */,
				659A7B491D5EC210000612ED /* Release */,
			);
			defaultConfigurationIsVisible = 0;
			defaultConfigurationName = Release;
		};
		659A7B4A1D5EC210000612ED /* Build configuration list for PBXNativeTarget "RefreshAnimation" */ = {
			isa = XCConfigurationList;
			buildConfigurations = (
				659A7B4B1D5EC210000612ED /* Debug */,
				659A7B4C1D5EC210000612ED /* Release */,
			);
			defaultConfigurationIsVisible = 0;
			defaultConfigurationName = Release;
		};
		659A7B4D1D5EC210000612ED /* Build configuration list for PBXNativeTarget "RefreshAnimationTests" */ = {
			isa = XCConfigurationList;
			buildConfigurations = (
				659A7B4E1D5EC210000612ED /* Debug */,
				659A7B4F1D5EC210000612ED /* Release */,
			);
			defaultConfigurationIsVisible = 0;
			defaultConfigurationName = Release;
		};
		659A7B501D5EC210000612ED /* Build configuration list for PBXNativeTarget "RefreshAnimationUITests" */ = {
			isa = XCConfigurationList;
			buildConfigurations = (
				659A7B511D5EC210000612ED /* Debug */,
				659A7B521D5EC210000612ED /* Release */,
			);
			defaultConfigurationIsVisible = 0;
			defaultConfigurationName = Release;
		};
/* End XCConfigurationList section */
	};
	rootObject = 659A7B151D5EC210000612ED /* Project object */;
}
